
Microsoft Visual Studio Solution File, Format Version 12.00
# Visual Studio Version 17
VisualStudioVersion = 17.11.35312.102
MinimumVisualStudioVersion = 10.0.40219.1
Project("{FAE04EC0-301F-11D3-BF4B-00C04F79EFBC}") = "HMS_Project", "HMS_Project\HMS_Project.csproj", "{E5E6C204-FE51-40D1-B47F-FA6071248D42}"
EndProject
Global
	GlobalSection(SolutionConfigurationPlatforms) = preSolution
		Debug|Any CPU = Debug|Any CPU
		Release|Any CPU = Release|Any CPU
	EndGlobalSection
	GlobalSection(ProjectConfigurationPlatforms) = postSolution
		{E5E6C204-FE51-40D1-B47F-FA6071248D42}.Debug|Any CPU.ActiveCfg = Debug|Any CPU
		{E5E6C204-FE51-40D1-B47F-FA6071248D42}.Debug|Any CPU.Build.0 = Debug|Any CPU
		{E5E6C204-FE51-40D1-B47F-FA6071248D42}.Release|Any CPU.ActiveCfg = Release|Any CPU
		{E5E6C204-FE51-40D1-B47F-FA6071248D42}.Release|Any CPU.Build.0 = Release|Any CPU
	EndGlobalSection
	GlobalSection(SolutionProperties) = preSolution
		HideSolutionNode = FALSE
	EndGlobalSection
	GlobalSection(ExtensibilityGlobals) = postSolution
		SolutionGuid = {AD42F34F-1B65-4775-8259-83697CCB6D8B}
	EndGlobalSection
EndGlobal
